
Microsoft Visual Studio Solution File, Format Version 12.00
# Visual Studio 2012
Project("{2150E333-8FDC-42A3-9474-1A3956D46DE8}") = "Book Catalog Service", "Book Catalog Service", "{187A6EDF-1247-40E9-AEAD-FB39B914A0C1}"
EndProject
Project("{2150E333-8FDC-42A3-9474-1A3956D46DE8}") = "Database", "Database", "{D93B24D8-311A-4B65-95B9-3E2EC715AF2E}"
EndProject
Project("{2150E333-8FDC-42A3-9474-1A3956D46DE8}") = "Testing", "Testing", "{8D1E2893-2F87-484F-8EA2-AF74AE7B91CA}"
EndProject
Project("{00D1A9C2-B5F0-4AF3-8072-F6C62B433612}") = "BookCatalog", "BookCatalog\BookCatalog.sqlproj", "{2E069E3E-6840-4EC2-B20B-C78489E961E4}"
EndProject
Project("{FAE04EC0-301F-11D3-BF4B-00C04F79EFBC}") = "BookCatalogService", "BookCatalogService\BookCatalogService.csproj", "{BE5A418B-BF0A-449C-A998-53271D6B4CF4}"
EndProject
Project("{FAE04EC0-301F-11D3-BF4B-00C04F79EFBC}") = "IBookCatalogService", "IBookCatalogService\IBookCatalogService.csproj", "{CFEFD248-2BFA-4BF4-A636-3CD4FCF20217}"
EndProject
Project("{FAE04EC0-301F-11D3-BF4B-00C04F79EFBC}") = "TestBookCatalogService", "TestBookCatalogService\TestBookCatalogService.csproj", "{024163E9-0926-41BB-ACCD-3F4243FA5DA8}"
EndProject
Global
	GlobalSection(SolutionConfigurationPlatforms) = preSolution
		Debug|Any CPU = Debug|Any CPU
		Release|Any CPU = Release|Any CPU
	EndGlobalSection
	GlobalSection(ProjectConfigurationPlatforms) = postSolution
		{2E069E3E-6840-4EC2-B20B-C78489E961E4}.Debug|Any CPU.ActiveCfg = Debug|Any CPU
		{2E069E3E-6840-4EC2-B20B-C78489E961E4}.Debug|Any CPU.Build.0 = Debug|Any CPU
		{2E069E3E-6840-4EC2-B20B-C78489E961E4}.Debug|Any CPU.Deploy.0 = Debug|Any CPU
		{2E069E3E-6840-4EC2-B20B-C78489E961E4}.Release|Any CPU.ActiveCfg = Release|Any CPU
		{2E069E3E-6840-4EC2-B20B-C78489E961E4}.Release|Any CPU.Build.0 = Release|Any CPU
		{2E069E3E-6840-4EC2-B20B-C78489E961E4}.Release|Any CPU.Deploy.0 = Release|Any CPU
		{BE5A418B-BF0A-449C-A998-53271D6B4CF4}.Debug|Any CPU.ActiveCfg = Debug|Any CPU
		{BE5A418B-BF0A-449C-A998-53271D6B4CF4}.Debug|Any CPU.Build.0 = Debug|Any CPU
		{BE5A418B-BF0A-449C-A998-53271D6B4CF4}.Release|Any CPU.ActiveCfg = Release|Any CPU
		{BE5A418B-BF0A-449C-A998-53271D6B4CF4}.Release|Any CPU.Build.0 = Release|Any CPU
		{CFEFD248-2BFA-4BF4-A636-3CD4FCF20217}.Debug|Any CPU.ActiveCfg = Debug|Any CPU
		{CFEFD248-2BFA-4BF4-A636-3CD4FCF20217}.Debug|Any CPU.Build.0 = Debug|Any CPU
		{CFEFD248-2BFA-4BF4-A636-3CD4FCF20217}.Release|Any CPU.ActiveCfg = Release|Any CPU
		{CFEFD248-2BFA-4BF4-A636-3CD4FCF20217}.Release|Any CPU.Build.0 = Release|Any CPU
		{024163E9-0926-41BB-ACCD-3F4243FA5DA8}.Debug|Any CPU.ActiveCfg = Debug|Any CPU
		{024163E9-0926-41BB-ACCD-3F4243FA5DA8}.Debug|Any CPU.Build.0 = Debug|Any CPU
		{024163E9-0926-41BB-ACCD-3F4243FA5DA8}.Release|Any CPU.ActiveCfg = Release|Any CPU
		{024163E9-0926-41BB-ACCD-3F4243FA5DA8}.Release|Any CPU.Build.0 = Release|Any CPU
	EndGlobalSection
	GlobalSection(SolutionProperties) = preSolution
		HideSolutionNode = FALSE
	EndGlobalSection
	GlobalSection(NestedProjects) = preSolution
		{BE5A418B-BF0A-449C-A998-53271D6B4CF4} = {187A6EDF-1247-40E9-AEAD-FB39B914A0C1}
		{CFEFD248-2BFA-4BF4-A636-3CD4FCF20217} = {187A6EDF-1247-40E9-AEAD-FB39B914A0C1}
		{2E069E3E-6840-4EC2-B20B-C78489E961E4} = {D93B24D8-311A-4B65-95B9-3E2EC715AF2E}
		{024163E9-0926-41BB-ACCD-3F4243FA5DA8} = {8D1E2893-2F87-484F-8EA2-AF74AE7B91CA}
	EndGlobalSection
EndGlobal
